
Microsoft Visual Studio Solution File, Format Version 12.00
# Visual Studio Version 16
VisualStudioVersion = 16.0.29613.14
MinimumVisualStudioVersion = 10.0.40219.1
Project("{9A19103F-16F7-4668-BE54-9A1E7A4F7556}") = "DesignPattern", "DesignPattern\DesignPattern.csproj", "{A5D3D140-1950-4582-9BE6-1619923A1981}"
EndProject
Project("{FAE04EC0-301F-11D3-BF4B-00C04F79EFBC}") = "DesignPatternTestConsole", "DesignPatternTestConsole\DesignPatternTestConsole.csproj", "{580750AD-0B1B-4DCA-A9DC-96E3BB64E766}"
EndProject
Global
	GlobalSection(SolutionConfigurationPlatforms) = preSolution
		Debug|Any CPU = Debug|Any CPU
		Release|Any CPU = Release|Any CPU
	EndGlobalSection
	GlobalSection(ProjectConfigurationPlatforms) = postSolution
		{A5D3D140-1950-4582-9BE6-1619923A1981}.Debug|Any CPU.ActiveCfg = Debug|Any CPU
		{A5D3D140-1950-4582-9BE6-1619923A1981}.Debug|Any CPU.Build.0 = Debug|Any CPU
		{A5D3D140-1950-4582-9BE6-1619923A1981}.Release|Any CPU.ActiveCfg = Release|Any CPU
		{A5D3D140-1950-4582-9BE6-1619923A1981}.Release|Any CPU.Build.0 = Release|Any CPU
		{580750AD-0B1B-4DCA-A9DC-96E3BB64E766}.Debug|Any CPU.ActiveCfg = Debug|Any CPU
		{580750AD-0B1B-4DCA-A9DC-96E3BB64E766}.Debug|Any CPU.Build.0 = Debug|Any CPU
		{580750AD-0B1B-4DCA-A9DC-96E3BB64E766}.Release|Any CPU.ActiveCfg = Release|Any CPU
		{580750AD-0B1B-4DCA-A9DC-96E3BB64E766}.Release|Any CPU.Build.0 = Release|Any CPU
	EndGlobalSection
	GlobalSection(SolutionProperties) = preSolution
		HideSolutionNode = FALSE
	EndGlobalSection
	GlobalSection(ExtensibilityGlobals) = postSolution
		SolutionGuid = {04DB6CAC-6726-4442-82FD-80F67073F2BE}
	EndGlobalSection
EndGlobal
